
Microsoft Visual Studio Solution File, Format Version 12.00
# Visual Studio Version 17
VisualStudioVersion = 17.11.35312.102
MinimumVisualStudioVersion = 10.0.40219.1
Project("{FAE04EC0-301F-11D3-BF4B-00C04F79EFBC}") = "AspNetSecurityApplication", "AspNetSecurityApplication.csproj", "{9920FAEB-54B4-4FB8-9C4F-D7BD03E278A8}"
EndProject
Global
	GlobalSection(SolutionConfigurationPlatforms) = preSolution
		Debug|Any CPU = Debug|Any CPU
		Release|Any CPU = Release|Any CPU
	EndGlobalSection
	GlobalSection(ProjectConfigurationPlatforms) = postSolution
		{9920FAEB-54B4-4FB8-9C4F-D7BD03E278A8}.Debug|Any CPU.ActiveCfg = Debug|Any CPU
		{9920FAEB-54B4-4FB8-9C4F-D7BD03E278A8}.Debug|Any CPU.Build.0 = Debug|Any CPU
		{9920FAEB-54B4-4FB8-9C4F-D7BD03E278A8}.Release|Any CPU.ActiveCfg = Release|Any CPU
		{9920FAEB-54B4-4FB8-9C4F-D7BD03E278A8}.Release|Any CPU.Build.0 = Release|Any CPU
	EndGlobalSection
	GlobalSection(SolutionProperties) = preSolution
		HideSolutionNode = FALSE
	EndGlobalSection
	GlobalSection(ExtensibilityGlobals) = postSolution
		SolutionGuid = {B7D974FD-E98C-447F-B557-3641F6D49C5E}
	EndGlobalSection
EndGlobal
